// !$*UTF8*$!
{
	archiveVersion = 1;
	classes = {
	};
	objectVersion = 50;
	objects = {

/* Begin PBXBuildFile section */
		848632462359F85D008C4A68 /* AppDelegate.swift in Sources */ = {isa = PBXBuildFile; fileRef = 848632452359F85D008C4A68 /* AppDelegate.swift */; };
		848632482359F85D008C4A68 /* GameScene.sks in Resources */ = {isa = PBXBuildFile; fileRef = 848632472359F85D008C4A68 /* GameScene.sks */; };
		8486324A2359F85D008C4A68 /* Actions.sks in Resources */ = {isa = PBXBuildFile; fileRef = 848632492359F85D008C4A68 /* Actions.sks */; };
		8486324C2359F85D008C4A68 /* GameScene.swift in Sources */ = {isa = PBXBuildFile; fileRef = 8486324B2359F85D008C4A68 /* GameScene.swift */; };
		8486324E2359F85D008C4A68 /* GameViewController.swift in Sources */ = {isa = PBXBuildFile; fileRef = 8486324D2359F85D008C4A68 /* GameViewController.swift */; };
		848632512359F85D008C4A68 /* Main.storyboard in Resources */ = {isa = PBXBuildFile; fileRef = 8486324F2359F85D008C4A68 /* Main.storyboard */; };
		848632532359F85F008C4A68 /* Assets.xcassets in Resources */ = {isa = PBXBuildFile; fileRef = 848632522359F85F008C4A68 /* Assets.xcassets */; };
		848632562359F85F008C4A68 /* LaunchScreen.storyboard in Resources */ = {isa = PBXBuildFile; fileRef = 848632542359F85F008C4A68 /* LaunchScreen.storyboard */; };
		848632612359F85F008C4A68 /* Multiple_Screens_Tests.swift in Sources */ = {isa = PBXBuildFile; fileRef = 848632602359F85F008C4A68 /* Multiple_Screens_Tests.swift */; };
		8486326C2359F85F008C4A68 /* Multiple_Screens_UITests.swift in Sources */ = {isa = PBXBuildFile; fileRef = 8486326B2359F85F008C4A68 /* Multiple_Screens_UITests.swift */; };
/* End PBXBuildFile section */

/* Begin PBXContainerItemProxy section */
		8486325D2359F85F008C4A68 /* PBXContainerItemProxy */ = {
			isa = PBXContainerItemProxy;
			containerPortal = 8486323A2359F85D008C4A68 /* Project object */;
			proxyType = 1;
			remoteGlobalIDString = 848632412359F85D008C4A68;
			remoteInfo = "Multiple Screens!";
		};
		848632682359F85F008C4A68 /* PBXContainerItemProxy */ = {
			isa = PBXContainerItemProxy;
			containerPortal = 8486323A2359F85D008C4A68 /* Project object */;
			proxyType = 1;
			remoteGlobalIDString = 848632412359F85D008C4A68;
			remoteInfo = "Multiple Screens!";
		};
/* End PBXContainerItemProxy section */

/* Begin PBXFileReference section */
		848632422359F85D008C4A68 /* Multiple Screens!.app */ = {isa = PBXFileReference; explicitFileType = wrapper.application; includeInIndex = 0; path = "Multiple Screens!.app"; sourceTree = BUILT_PRODUCTS_DIR; };
		848632452359F85D008C4A68 /* AppDelegate.swift */ = {isa = PBXFileReference; lastKnownFileType = sourcecode.swift; path = AppDelegate.swift; sourceTree = "<group>"; };
		848632472359F85D008C4A68 /* GameScene.sks */ = {isa = PBXFileReference; lastKnownFileType = file.sks; path = GameScene.sks; sourceTree = "<group>"; };
		848632492359F85D008C4A68 /* Actions.sks */ = {isa = PBXFileReference; lastKnownFileType = file.sks; path = Actions.sks; sourceTree = "<group>"; };
		8486324B2359F85D008C4A68 /* GameScene.swift */ = {isa = PBXFileReference; lastKnownFileType = sourcecode.swift; path = GameScene.swift; sourceTree = "<group>"; };
		8486324D2359F85D008C4A68 /* GameViewController.swift */ = {isa = PBXFileReference; lastKnownFileType = sourcecode.swift; path = GameViewController.swift; sourceTree = "<group>"; };
		848632502359F85D008C4A68 /* Base */ = {isa = PBXFileReference; lastKnownFileType = file.storyboard; name = Base; path = Base.lproj/Main.storyboard; sourceTree = "<group>"; };
		848632522359F85F008C4A68 /* Assets.xcassets */ = {isa = PBXFileReference; lastKnownFileType = folder.assetcatalog; path = Assets.xcassets; sourceTree = "<group>"; };
		848632552359F85F008C4A68 /* Base */ = {isa = PBXFileReference; lastKnownFileType = file.storyboard; name = Base; path = Base.lproj/LaunchScreen.storyboard; sourceTree = "<group>"; };
		848632572359F85F008C4A68 /* Info.plist */ = {isa = PBXFileReference; lastKnownFileType = text.plist.xml; path = Info.plist; sourceTree = "<group>"; };
		8486325C2359F85F008C4A68 /* Multiple Screens!Tests.xctest */ = {isa = PBXFileReference; explicitFileType = wrapper.cfbundle; includeInIndex = 0; path = "Multiple Screens!Tests.xctest"; sourceTree = BUILT_PRODUCTS_DIR; };
		848632602359F85F008C4A68 /* Multiple_Screens_Tests.swift */ = {isa = PBXFileReference; lastKnownFileType = sourcecode.swift; path = Multiple_Screens_Tests.swift; sourceTree = "<group>"; };
		848632622359F85F008C4A68 /* Info.plist */ = {isa = PBXFileReference; lastKnownFileType = text.plist.xml; path = Info.plist; sourceTree = "<group>"; };
		848632672359F85F008C4A68 /* Multiple Screens!UITests.xctest */ = {isa = PBXFileReference; explicitFileType = wrapper.cfbundle; includeInIndex = 0; path = "Multiple Screens!UITests.xctest"; sourceTree = BUILT_PRODUCTS_DIR; };
		8486326B2359F85F008C4A68 /* Multiple_Screens_UITests.swift */ = {isa = PBXFileReference; lastKnownFileType = sourcecode.swift; path = Multiple_Screens_UITests.swift; sourceTree = "<group>"; };
		8486326D2359F85F008C4A68 /* Info.plist */ = {isa = PBXFileReference; lastKnownFileType = text.plist.xml; path = Info.plist; sourceTree = "<group>"; };
/* End PBXFileReference section */

/* Begin PBXFrameworksBuildPhase section */
		8486323F2359F85D008C4A68 /* Frameworks */ = {
			isa = PBXFrameworksBuildPhase;
			buildActionMask = 2147483647;
			files = (
			);
			runOnlyForDeploymentPostprocessing = 0;
		};
		848632592359F85F008C4A68 /* Frameworks */ = {
			isa = PBXFrameworksBuildPhase;
			buildActionMask = 2147483647;
			files = (
			);
			runOnlyForDeploymentPostprocessing = 0;
		};
		848632642359F85F008C4A68 /* Frameworks */ = {
			isa = PBXFrameworksBuildPhase;
			buildActionMask = 2147483647;
			files = (
			);
			runOnlyForDeploymentPostprocessing = 0;
		};
/* End PBXFrameworksBuildPhase section */

/* Begin PBXGroup section */
		848632392359F85D008C4A68 = {
			isa = PBXGroup;
			children = (
				848632442359F85D008C4A68 /* Multiple Screens! */,
				8486325F2359F85F008C4A68 /* Multiple Screens!Tests */,
				8486326A2359F85F008C4A68 /* Multiple Screens!UITests */,
				848632432359F85D008C4A68 /* Products */,
			);
			sourceTree = "<group>";
		};
		848632432359F85D008C4A68 /* Products */ = {
			isa = PBXGroup;
			children = (
				848632422359F85D008C4A68 /* Multiple Screens!.app */,
				8486325C2359F85F008C4A68 /* Multiple Screens!Tests.xctest */,
				848632672359F85F008C4A68 /* Multiple Screens!UITests.xctest */,
			);
			name = Products;
			sourceTree = "<group>";
		};
		848632442359F85D008C4A68 /* Multiple Screens! */ = {
			isa = PBXGroup;
			children = (
				848632452359F85D008C4A68 /* AppDelegate.swift */,
				848632472359F85D008C4A68 /* GameScene.sks */,
				848632492359F85D008C4A68 /* Actions.sks */,
				8486324B2359F85D008C4A68 /* GameScene.swift */,
				8486324D2359F85D008C4A68 /* GameViewController.swift */,
				8486324F2359F85D008C4A68 /* Main.storyboard */,
				848632522359F85F008C4A68 /* Assets.xcassets */,
				848632542359F85F008C4A68 /* LaunchScreen.storyboard */,
				848632572359F85F008C4A68 /* Info.plist */,
			);
			path = "Multiple Screens!";
			sourceTree = "<group>";
		};
		8486325F2359F85F008C4A68 /* Multiple Screens!Tests */ = {
			isa = PBXGroup;
			children = (
				848632602359F85F008C4A68 /* Multiple_Screens_Tests.swift */,
				848632622359F85F008C4A68 /* Info.plist */,
			);
			path = "Multiple Screens!Tests";
			sourceTree = "<group>";
		};
		8486326A2359F85F008C4A68 /* Multiple Screens!UITests */ = {
			isa = PBXGroup;
			children = (
				8486326B2359F85F008C4A68 /* Multiple_Screens_UITests.swift */,
				8486326D2359F85F008C4A68 /* Info.plist */,
			);
			path = "Multiple Screens!UITests";
			sourceTree = "<group>";
		};
/* End PBXGroup section */

/* Begin PBXNativeTarget section */
		848632412359F85D008C4A68 /* Multiple Screens! */ = {
			isa = PBXNativeTarget;
			buildConfigurationList = 848632702359F85F008C4A68 /* Build configuration list for PBXNativeTarget "Multiple Screens!" */;
			buildPhases = (
				8486323E2359F85D008C4A68 /* Sources */,
				8486323F2359F85D008C4A68 /* Frameworks */,
				848632402359F85D008C4A68 /* Resources */,
			);
			buildRules = (
			);
			dependencies = (
			);
			name = "Multiple Screens!";
			productName = "Multiple Screens!";
			productReference = 848632422359F85D008C4A68 /* Multiple Screens!.app */;
			productType = "com.apple.product-type.application";
		};
		8486325B2359F85F008C4A68 /* Multiple Screens!Tests */ = {
			isa = PBXNativeTarget;
			buildConfigurationList = 848632732359F85F008C4A68 /* Build configuration list for PBXNativeTarget "Multiple Screens!Tests" */;
			buildPhases = (
				848632582359F85F008C4A68 /* Sources */,
				848632592359F85F008C4A68 /* Frameworks */,
				8486325A2359F85F008C4A68 /* Resources */,
			);
			buildRules = (
			);
			dependencies = (
				8486325E2359F85F008C4A68 /* PBXTargetDependency */,
			);
			name = "Multiple Screens!Tests";
			productName = "Multiple Screens!Tests";
			productReference = 8486325C2359F85F008C4A68 /* Multiple Screens!Tests.xctest */;
			productType = "com.apple.product-type.bundle.unit-test";
		};
		848632662359F85F008C4A68 /* Multiple Screens!UITests */ = {
			isa = PBXNativeTarget;
			buildConfigurationList = 848632762359F85F008C4A68 /* Build configuration list for PBXNativeTarget "Multiple Screens!UITests" */;
			buildPhases = (
				848632632359F85F008C4A68 /* Sources */,
				848632642359F85F008C4A68 /* Frameworks */,
				848632652359F85F008C4A68 /* Resources */,
			);
			buildRules = (
			);
			dependencies = (
				848632692359F85F008C4A68 /* PBXTargetDependency */,
			);
			name = "Multiple Screens!UITests";
			productName = "Multiple Screens!UITests";
			productReference = 848632672359F85F008C4A68 /* Multiple Screens!UITests.xctest */;
			productType = "com.apple.product-type.bundle.ui-testing";
		};
/* End PBXNativeTarget section */

/* Begin PBXProject section */
		8486323A2359F85D008C4A68 /* Project object */ = {
			isa = PBXProject;
			attributes = {
				LastSwiftUpdateCheck = 1110;
				LastUpgradeCheck = 1110;
				ORGANIZATIONNAME = "Bo Yan";
				TargetAttributes = {
					848632412359F85D008C4A68 = {
						CreatedOnToolsVersion = 11.1;
					};
					8486325B2359F85F008C4A68 = {
						CreatedOnToolsVersion = 11.1;
						TestTargetID = 848632412359F85D008C4A68;
					};
					848632662359F85F008C4A68 = {
						CreatedOnToolsVersion = 11.1;
						TestTargetID = 848632412359F85D008C4A68;
					};
				};
			};
			buildConfigurationList = 8486323D2359F85D008C4A68 /* Build configuration list for PBXProject "Multiple Screens!" */;
			compatibilityVersion = "Xcode 9.3";
			developmentRegion = en;
			hasScannedForEncodings = 0;
			knownRegions = (
				en,
				Base,
			);
			mainGroup = 848632392359F85D008C4A68;
			productRefGroup = 848632432359F85D008C4A68 /* Products */;
			projectDirPath = "";
			projectRoot = "";
			targets = (
				848632412359F85D008C4A68 /* Multiple Screens! */,
				8486325B2359F85F008C4A68 /* Multiple Screens!Tests */,
				848632662359F85F008C4A68 /* Multiple Screens!UITests */,
			);
		};
/* End PBXProject section */

/* Begin PBXResourcesBuildPhase section */
		848632402359F85D008C4A68 /* Resources */ = {
			isa = PBXResourcesBuildPhase;
			buildActionMask = 2147483647;
			files = (
				848632512359F85D008C4A68 /* Main.storyboard in Resources */,
				848632482359F85D008C4A68 /* GameScene.sks in Resources */,
				848632532359F85F008C4A68 /* Assets.xcassets in Resources */,
				848632562359F85F008C4A68 /* LaunchScreen.storyboard in Resources */,
				8486324A2359F85D008C4A68 /* Actions.sks in Resources */,
			);
			runOnlyForDeploymentPostprocessing = 0;
		};
		8486325A2359F85F008C4A68 /* Resources */ = {
			isa = PBXResourcesBuildPhase;
			buildActionMask = 2147483647;
			files = (
			);
			runOnlyForDeploymentPostprocessing = 0;
		};
		848632652359F85F008C4A68 /* Resources */ = {
			isa = PBXResourcesBuildPhase;
			buildActionMask = 2147483647;
			files = (
			);
			runOnlyForDeploymentPostprocessing = 0;
		};
/* End PBXResourcesBuildPhase section */

/* Begin PBXSourcesBuildPhase section */
		8486323E2359F85D008C4A68 /* Sources */ = {
			isa = PBXSourcesBuildPhase;
			buildActionMask = 2147483647;
			files = (
				8486324C2359F85D008C4A68 /* GameScene.swift in Sources */,
				8486324E2359F85D008C4A68 /* GameViewController.swift in Sources */,
				848632462359F85D008C4A68 /* AppDelegate.swift in Sources */,
			);
			runOnlyForDeploymentPostprocessing = 0;
		};
		848632582359F85F008C4A68 /* Sources */ = {
			isa = PBXSourcesBuildPhase;
			buildActionMask = 2147483647;
			files = (
				848632612359F85F008C4A68 /* Multiple_Screens_Tests.swift in Sources */,
			);
			runOnlyForDeploymentPostprocessing = 0;
		};
		848632632359F85F008C4A68 /* Sources */ = {
			isa = PBXSourcesBuildPhase;
			buildActionMask = 2147483647;
			files = (
				8486326C2359F85F008C4A68 /* Multiple_Screens_UITests.swift in Sources */,
			);
			runOnlyForDeploymentPostprocessing = 0;
		};
/* End PBXSourcesBuildPhase section */

/* Begin PBXTargetDependency section */
		8486325E2359F85F008C4A68 /* PBXTargetDependency */ = {
			isa = PBXTargetDependency;
			target = 848632412359F85D008C4A68 /* Multiple Screens! */;
			targetProxy = 8486325D2359F85F008C4A68 /* PBXContainerItemProxy */;
		};
		848632692359F85F008C4A68 /* PBXTargetDependency */ = {
			isa = PBXTargetDependency;
			target = 848632412359F85D008C4A68 /* Multiple Screens! */;
			targetProxy = 848632682359F85F008C4A68 /* PBXContainerItemProxy */;
		};
/* End PBXTargetDependency section */

/* Begin PBXVariantGroup section */
		8486324F2359F85D008C4A68 /* Main.storyboard */ = {
			isa = PBXVariantGroup;
			children = (
				848632502359F85D008C4A68 /* Base */,
			);
			name = Main.storyboard;
			sourceTree = "<group>";
		};
		848632542359F85F008C4A68 /* LaunchScreen.storyboard */ = {
			isa = PBXVariantGroup;
			children = (
				848632552359F85F008C4A68 /* Base */,
			);
			name = LaunchScreen.storyboard;
			sourceTree = "<group>";
		};
/* End PBXVariantGroup section */

/* Begin XCBuildConfiguration section */
		8486326E2359F85F008C4A68 /* Debug */ = {
			isa = XCBuildConfiguration;
			buildSettings = {
				ALWAYS_SEARCH_USER_PATHS = NO;
				CLANG_ANALYZER_NONNULL = YES;
				CLANG_ANALYZER_NUMBER_OBJECT_CONVERSION = YES_AGGRESSIVE;
				CLANG_CXX_LANGUAGE_STANDARD = "gnu++14";
				CLANG_CXX_LIBRARY = "libc++";
				CLANG_ENABLE_MODULES = YES;
				CLANG_ENABLE_OBJC_ARC = YES;
				CLANG_ENABLE_OBJC_WEAK = YES;
				CLANG_WARN_BLOCK_CAPTURE_AUTORELEASING = YES;
				CLANG_WARN_BOOL_CONVERSION = YES;
				CLANG_WARN_COMMA = YES;
				CLANG_WARN_CONSTANT_CONVERSION = YES;
				CLANG_WARN_DEPRECATED_OBJC_IMPLEMENTATIONS = YES;
				CLANG_WARN_DIRECT_OBJC_ISA_USAGE = YES_ERROR;
				CLANG_WARN_DOCUMENTATION_COMMENTS = YES;
				CLANG_WARN_EMPTY_BODY = YES;
				CLANG_WARN_ENUM_CONVERSION = YES;
				CLANG_WARN_INFINITE_RECURSION = YES;
				CLANG_WARN_INT_CONVERSION = YES;
				CLANG_WARN_NON_LITERAL_NULL_CONVERSION = YES;
				CLANG_WARN_OBJC_IMPLICIT_RETAIN_SELF = YES;
				CLANG_WARN_OBJC_LITERAL_CONVERSION = YES;
				CLANG_WARN_OBJC_ROOT_CLASS = YES_ERROR;
				CLANG_WARN_RANGE_LOOP_ANALYSIS = YES;
				CLANG_WARN_STRICT_PROTOTYPES = YES;
				CLANG_WARN_SUSPICIOUS_MOVE = YES;
				CLANG_WARN_UNGUARDED_AVAILABILITY = YES_AGGRESSIVE;
				CLANG_WARN_UNREACHABLE_CODE = YES;
				CLANG_WARN__DUPLICATE_METHOD_MATCH = YES;
				COPY_PHASE_STRIP = NO;
				DEBUG_INFORMATION_FORMAT = dwarf;
				ENABLE_STRICT_OBJC_MSGSEND = YES;
				ENABLE_TESTABILITY = YES;
				GCC_C_LANGUAGE_STANDARD = gnu11;
				GCC_DYNAMIC_NO_PIC = NO;
				GCC_NO_COMMON_BLOCKS = YES;
				GCC_OPTIMIZATION_LEVEL = 0;
				GCC_PREPROCESSOR_DEFINITIONS = (
					"DEBUG=1",
					"$(inherited)",
				);
				GCC_WARN_64_TO_32_BIT_CONVERSION = YES;
				GCC_WARN_ABOUT_RETURN_TYPE = YES_ERROR;
				GCC_WARN_UNDECLARED_SELECTOR = YES;
				GCC_WARN_UNINITIALIZED_AUTOS = YES_AGGRESSIVE;
				GCC_WARN_UNUSED_FUNCTION = YES;
				GCC_WARN_UNUSED_VARIABLE = YES;
				IPHONEOS_DEPLOYMENT_TARGET = 13.1;
				MTL_ENABLE_DEBUG_INFO = INCLUDE_SOURCE;
				MTL_FAST_MATH = YES;
				ONLY_ACTIVE_ARCH = YES;
				SDKROOT = iphoneos;
				SWIFT_ACTIVE_COMPILATION_CONDITIONS = DEBUG;
				SWIFT_OPTIMIZATION_LEVEL = "-Onone";
			};
			name = Debug;
		};
		8486326F2359F85F008C4A68 /* Release */ = {
			isa = XCBuildConfiguration;
			buildSettings = {
				ALWAYS_SEARCH_USER_PATHS = NO;
				CLANG_ANALYZER_NONNULL = YES;
				CLANG_ANALYZER_NUMBER_OBJECT_CONVERSION = YES_AGGRESSIVE;
				CLANG_CXX_LANGUAGE_STANDARD = "gnu++14";
				CLANG_CXX_LIBRARY = "libc++";
				CLANG_ENABLE_MODULES = YES;
				CLANG_ENABLE_OBJC_ARC = YES;
				CLANG_ENABLE_OBJC_WEAK = YES;
				CLANG_WARN_BLOCK_CAPTURE_AUTORELEASING = YES;
				CLANG_WARN_BOOL_CONVERSION = YES;
				CLANG_WARN_COMMA = YES;
				CLANG_WARN_CONSTANT_CONVERSION = YES;
				CLANG_WARN_DEPRECATED_OBJC_IMPLEMENTATIONS = YES;
				CLANG_WARN_DIRECT_OBJC_ISA_USAGE = YES_ERROR;
				CLANG_WARN_DOCUMENTATION_COMMENTS = YES;
				CLANG_WARN_EMPTY_BODY = YES;
				CLANG_WARN_ENUM_CONVERSION = YES;
				CLANG_WARN_INFINITE_RECURSION = YES;
				CLANG_WARN_INT_CONVERSION = YES;
				CLANG_WARN_NON_LITERAL_NULL_CONVERSION = YES;
				CLANG_WARN_OBJC_IMPLICIT_RETAIN_SELF = YES;
				CLANG_WARN_OBJC_LITERAL_CONVERSION = YES;
				CLANG_WARN_OBJC_ROOT_CLASS = YES_ERROR;
				CLANG_WARN_RANGE_LOOP_ANALYSIS = YES;
				CLANG_WARN_STRICT_PROTOTYPES = YES;
				CLANG_WARN_SUSPICIOUS_MOVE = YES;
				CLANG_WARN_UNGUARDED_AVAILABILITY = YES_AGGRESSIVE;
				CLANG_WARN_UNREACHABLE_CODE = YES;
				CLANG_WARN__DUPLICATE_METHOD_MATCH = YES;
				COPY_PHASE_STRIP = NO;
				DEBUG_INFORMATION_FORMAT = "dwarf-with-dsym";
				ENABLE_NS_ASSERTIONS = NO;
				ENABLE_STRICT_OBJC_MSGSEND = YES;
				GCC_C_LANGUAGE_STANDARD = gnu11;
				GCC_NO_COMMON_BLOCKS = YES;
				GCC_WARN_64_TO_32_BIT_CONVERSION = YES;
				GCC_WARN_ABOUT_RETURN_TYPE = YES_ERROR;
				GCC_WARN_UNDECLARED_SELECTOR = YES;
				GCC_WARN_UNINITIALIZED_AUTOS = YES_AGGRESSIVE;
				GCC_WARN_UNUSED_FUNCTION = YES;
				GCC_WARN_UNUSED_VARIABLE = YES;
				IPHONEOS_DEPLOYMENT_TARGET = 13.1;
				MTL_ENABLE_DEBUG_INFO = NO;
				MTL_FAST_MATH = YES;
				SDKROOT = iphoneos;
				SWIFT_COMPILATION_MODE = wholemodule;
				SWIFT_OPTIMIZATION_LEVEL = "-O";
				VALIDATE_PRODUCT = YES;
			};
			name = Release;
		};
		848632712359F85F008C4A68 /* Debug */ = {
			isa = XCBuildConfiguration;
			buildSettings = {
				ASSETCATALOG_COMPILER_APPICON_NAME = AppIcon;
				CODE_SIGN_STYLE = Automatic;
				INFOPLIST_FILE = "Multiple Screens!/Info.plist";
				LD_RUNPATH_SEARCH_PATHS = (
					"$(inherited)",
					"@executable_path/Frameworks",
				);
				PRODUCT_BUNDLE_IDENTIFIER = "com.byan.Multiple-Screens-";
				PRODUCT_NAME = "$(TARGET_NAME)";
				SWIFT_VERSION = 5.0;
				TARGETED_DEVICE_FAMILY = "1,2";
			};
			name = Debug;
		};
		848632722359F85F008C4A68 /* Release */ = {
			isa = XCBuildConfiguration;
			buildSettings = {
				ASSETCATALOG_COMPILER_APPICON_NAME = AppIcon;
				CODE_SIGN_STYLE = Automatic;
				INFOPLIST_FILE = "Multiple Screens!/Info.plist";
				LD_RUNPATH_SEARCH_PATHS = (
					"$(inherited)",
					"@executable_path/Frameworks",
				);
				PRODUCT_BUNDLE_IDENTIFIER = "com.byan.Multiple-Screens-";
				PRODUCT_NAME = "$(TARGET_NAME)";
				SWIFT_VERSION = 5.0;
				TARGETED_DEVICE_FAMILY = "1,2";
			};
			name = Release;
		};
		848632742359F85F008C4A68 /* Debug */ = {
			isa = XCBuildConfiguration;
			buildSettings = {
				ALWAYS_EMBED_SWIFT_STANDARD_LIBRARIES = YES;
				BUNDLE_LOADER = "$(TEST_HOST)";
				CODE_SIGN_STYLE = Automatic;
				INFOPLIST_FILE = "Multiple Screens!Tests/Info.plist";
				IPHONEOS_DEPLOYMENT_TARGET = 13.1;
				LD_RUNPATH_SEARCH_PATHS = (
					"$(inherited)",
					"@executable_path/Frameworks",
					"@loader_path/Frameworks",
				);
				PRODUCT_BUNDLE_IDENTIFIER = "com.byan.Multiple-Screens-Tests";
				PRODUCT_NAME = "$(TARGET_NAME)";
				SWIFT_VERSION = 5.0;
				TARGETED_DEVICE_FAMILY = "1,2";
				TEST_HOST = "$(BUILT_PRODUCTS_DIR)/Multiple Screens!.app/Multiple Screens!";
			};
			name = Debug;
		};
		848632752359F85F008C4A68 /* Release */ = {
			isa = XCBuildConfiguration;
			buildSettings = {
				ALWAYS_EMBED_SWIFT_STANDARD_LIBRARIES = YES;
				BUNDLE_LOADER = "$(TEST_HOST)";
				CODE_SIGN_STYLE = Automatic;
				INFOPLIST_FILE = "Multiple Screens!Tests/Info.plist";
				IPHONEOS_DEPLOYMENT_TARGET = 13.1;
				LD_RUNPATH_SEARCH_PATHS = (
					"$(inherited)",
					"@executable_path/Frameworks",
					"@loader_path/Frameworks",
				);
				PRODUCT_BUNDLE_IDENTIFIER = "com.byan.Multiple-Screens-Tests";
				PRODUCT_NAME = "$(TARGET_NAME)";
				SWIFT_VERSION = 5.0;
				TARGETED_DEVICE_FAMILY = "1,2";
				TEST_HOST = "$(BUILT_PRODUCTS_DIR)/Multiple Screens!.app/Multiple Screens!";
			};
			name = Release;
		};
		848632772359F85F008C4A68 /* Debug */ = {
			isa = XCBuildConfiguration;
			buildSettings = {
				ALWAYS_EMBED_SWIFT_STANDARD_LIBRARIES = YES;
				CODE_SIGN_STYLE = Automatic;
				INFOPLIST_FILE = "Multiple Screens!UITests/Info.plist";
				LD_RUNPATH_SEARCH_PATHS = (
					"$(inherited)",
					"@executable_path/Frameworks",
					"@loader_path/Frameworks",
				);
				PRODUCT_BUNDLE_IDENTIFIER = "com.byan.Multiple-Screens-UITests";
				PRODUCT_NAME = "$(TARGET_NAME)";
				SWIFT_VERSION = 5.0;
				TARGETED_DEVICE_FAMILY = "1,2";
				TEST_TARGET_NAME = "Multiple Screens!";
			};
			name = Debug;
		};
		848632782359F85F008C4A68 /* Release */ = {
			isa = XCBuildConfiguration;
			buildSettings = {
				ALWAYS_EMBED_SWIFT_STANDARD_LIBRARIES = YES;
				CODE_SIGN_STYLE = Automatic;
				INFOPLIST_FILE = "Multiple Screens!UITests/Info.plist";
				LD_RUNPATH_SEARCH_PATHS = (
					"$(inherited)",
					"@executable_path/Frameworks",
					"@loader_path/Frameworks",
				);
				PRODUCT_BUNDLE_IDENTIFIER = "com.byan.Multiple-Screens-UITests";
				PRODUCT_NAME = "$(TARGET_NAME)";
				SWIFT_VERSION = 5.0;
				TARGETED_DEVICE_FAMILY = "1,2";
				TEST_TARGET_NAME = "Multiple Screens!";
			};
			name = Release;
		};
/* End XCBuildConfiguration section */

/* Begin XCConfigurationList section */
		8486323D2359F85D008C4A68 /* Build configuration list for PBXProject "Multiple Screens!" */ = {
			isa = XCConfigurationList;
			buildConfigurations = (
				8486326E2359F85F008C4A68 /* Debug */,
				8486326F2359F85F008C4A68 /* Release */,
			);
			defaultConfigurationIsVisible = 0;
			defaultConfigurationName = Release;
		};
		848632702359F85F008C4A68 /* Build configuration list for PBXNativeTarget "Multiple Screens!" */ = {
			isa = XCConfigurationList;
			buildConfigurations = (
				848632712359F85F008C4A68 /* Debug */,
				848632722359F85F008C4A68 /* Release */,
			);
			defaultConfigurationIsVisible = 0;
			defaultConfigurationName = Release;
		};
		848632732359F85F008C4A68 /* Build configuration list for PBXNativeTarget "Multiple Screens!Tests" */ = {
			isa = XCConfigurationList;
			buildConfigurations = (
				848632742359F85F008C4A68 /* Debug */,
				848632752359F85F008C4A68 /* Release */,
			);
			defaultConfigurationIsVisible = 0;
			defaultConfigurationName = Release;
		};
		848632762359F85F008C4A68 /* Build configuration list for PBXNativeTarget "Multiple Screens!UITests" */ = {
			isa = XCConfigurationList;
			buildConfigurations = (
				848632772359F85F008C4A68 /* Debug */,
				848632782359F85F008C4A68 /* Release */,
			);
			defaultConfigurationIsVisible = 0;
			defaultConfigurationName = Release;
		};
/* End XCConfigurationList section */
	};
	rootObject = 8486323A2359F85D008C4A68 /* Project object */;
}
